
Microsoft Visual Studio Solution File, Format Version 12.00
# Visual Studio Version 17
VisualStudioVersion = 17.9.34616.47
MinimumVisualStudioVersion = 10.0.40219.1
Project("{FAE04EC0-301F-11D3-BF4B-00C04F79EFBC}") = "waterCurtain", "waterCurtain\waterCurtain.csproj", "{1E0387A7-A9F8-42C3-94DD-A20F825B675E}"
EndProject
Global
	GlobalSection(SolutionConfigurationPlatforms) = preSolution
		Debug|Any CPU = Debug|Any CPU
		Release|Any CPU = Release|Any CPU
	EndGlobalSection
	GlobalSection(ProjectConfigurationPlatforms) = postSolution
		{1E0387A7-A9F8-42C3-94DD-A20F825B675E}.Debug|Any CPU.ActiveCfg = Debug|Any CPU
		{1E0387A7-A9F8-42C3-94DD-A20F825B675E}.Debug|Any CPU.Build.0 = Debug|Any CPU
		{1E0387A7-A9F8-42C3-94DD-A20F825B675E}.Release|Any CPU.ActiveCfg = Release|Any CPU
		{1E0387A7-A9F8-42C3-94DD-A20F825B675E}.Release|Any CPU.Build.0 = Release|Any CPU
	EndGlobalSection
	GlobalSection(SolutionProperties) = preSolution
		HideSolutionNode = FALSE
	EndGlobalSection
	GlobalSection(ExtensibilityGlobals) = postSolution
		SolutionGuid = {17EB347C-755F-464A-8F70-356C34C3BF66}
	EndGlobalSection
EndGlobal
